
Microsoft Visual Studio Solution File, Format Version 12.00
# Visual Studio Version 17
VisualStudioVersion = 17.0.32014.148
MinimumVisualStudioVersion = 10.0.40219.1
Project("{FAE04EC0-301F-11D3-BF4B-00C04F79EFBC}") = "Meadow.CLI", "Meadow.CLI\Meadow.CLI.csproj", "{A411EB86-BBD0-47FA-B4F9-EB9CFFE63F43}"
EndProject
Project("{9A19103F-16F7-4668-BE54-9A1E7A4F7556}") = "Meadow.CLI.Test", "Meadow.CLI.Test\Meadow.CLI.Test.csproj", "{0A7887E0-9DCA-4072-91D8-6409C5562243}"
EndProject
Project("{FAE04EC0-301F-11D3-BF4B-00C04F79EFBC}") = "Meadow.Hcom.6.0.0", "Meadow.Hcom\Meadow.Hcom.6.0.0.csproj", "{197F26BB-F7CD-4ADA-9A15-ADBA36F825E1}"
EndProject
Project("{FAE04EC0-301F-11D3-BF4B-00C04F79EFBC}") = "Meadow.CLI.Core.6.0.0", "Meadow.CLI.Core\Meadow.CLI.Core.6.0.0.csproj", "{AD70EEEA-731F-445A-8AE8-6432B587D24C}"
EndProject
Global
	GlobalSection(SolutionConfigurationPlatforms) = preSolution
		Debug|Any CPU = Debug|Any CPU
		Release|Any CPU = Release|Any CPU
	EndGlobalSection
	GlobalSection(ProjectConfigurationPlatforms) = postSolution
		{A411EB86-BBD0-47FA-B4F9-EB9CFFE63F43}.Debug|Any CPU.ActiveCfg = Debug|Any CPU
		{A411EB86-BBD0-47FA-B4F9-EB9CFFE63F43}.Debug|Any CPU.Build.0 = Debug|Any CPU
		{A411EB86-BBD0-47FA-B4F9-EB9CFFE63F43}.Release|Any CPU.ActiveCfg = Release|Any CPU
		{A411EB86-BBD0-47FA-B4F9-EB9CFFE63F43}.Release|Any CPU.Build.0 = Release|Any CPU
		{0A7887E0-9DCA-4072-91D8-6409C5562243}.Debug|Any CPU.ActiveCfg = Debug|Any CPU
		{0A7887E0-9DCA-4072-91D8-6409C5562243}.Debug|Any CPU.Build.0 = Debug|Any CPU
		{0A7887E0-9DCA-4072-91D8-6409C5562243}.Release|Any CPU.ActiveCfg = Release|Any CPU
		{0A7887E0-9DCA-4072-91D8-6409C5562243}.Release|Any CPU.Build.0 = Release|Any CPU
		{197F26BB-F7CD-4ADA-9A15-ADBA36F825E1}.Debug|Any CPU.ActiveCfg = Debug|Any CPU
		{197F26BB-F7CD-4ADA-9A15-ADBA36F825E1}.Debug|Any CPU.Build.0 = Debug|Any CPU
		{197F26BB-F7CD-4ADA-9A15-ADBA36F825E1}.Release|Any CPU.ActiveCfg = Release|Any CPU
		{197F26BB-F7CD-4ADA-9A15-ADBA36F825E1}.Release|Any CPU.Build.0 = Release|Any CPU
		{AD70EEEA-731F-445A-8AE8-6432B587D24C}.Debug|Any CPU.ActiveCfg = Debug|Any CPU
		{AD70EEEA-731F-445A-8AE8-6432B587D24C}.Debug|Any CPU.Build.0 = Debug|Any CPU
		{AD70EEEA-731F-445A-8AE8-6432B587D24C}.Release|Any CPU.ActiveCfg = Release|Any CPU
		{AD70EEEA-731F-445A-8AE8-6432B587D24C}.Release|Any CPU.Build.0 = Release|Any CPU
	EndGlobalSection
	GlobalSection(SolutionProperties) = preSolution
		HideSolutionNode = FALSE
	EndGlobalSection
	GlobalSection(ExtensibilityGlobals) = postSolution
		SolutionGuid = {6FA96453-7A9C-4F78-89EE-676C4611C899}
	EndGlobalSection
	GlobalSection(NestedProjects) = preSolution
	EndGlobalSection
EndGlobal
