
Microsoft Visual Studio Solution File, Format Version 12.00
# Visual Studio 15
VisualStudioVersion = 15.0.28307.329
MinimumVisualStudioVersion = 10.0.40219.1
Project("{FAE04EC0-301F-11D3-BF4B-00C04F79EFBC}") = "Meadow.CLI", "MeadowCLI\Meadow.CLI.csproj", "{794C970F-2E77-4CE0-85F8-E6F06B69A23D}"
EndProject
Project("{FAE04EC0-301F-11D3-BF4B-00C04F79EFBC}") = "Meadow.CLI.Core", "Meadow.CLI.Core\Meadow.CLI.Core.csproj", "{00F05278-9F3F-40B0-B377-64E26B028888}"
EndProject
Global
	GlobalSection(SolutionConfigurationPlatforms) = preSolution
		Debug|Any CPU = Debug|Any CPU
		Release|Any CPU = Release|Any CPU
	EndGlobalSection
	GlobalSection(ProjectConfigurationPlatforms) = postSolution
		{794C970F-2E77-4CE0-85F8-E6F06B69A23D}.Debug|Any CPU.ActiveCfg = Debug|Any CPU
		{794C970F-2E77-4CE0-85F8-E6F06B69A23D}.Debug|Any CPU.Build.0 = Debug|Any CPU
		{794C970F-2E77-4CE0-85F8-E6F06B69A23D}.Release|Any CPU.ActiveCfg = Release|Any CPU
		{794C970F-2E77-4CE0-85F8-E6F06B69A23D}.Release|Any CPU.Build.0 = Release|Any CPU
		{00F05278-9F3F-40B0-B377-64E26B028888}.Debug|Any CPU.ActiveCfg = Debug|Any CPU
		{00F05278-9F3F-40B0-B377-64E26B028888}.Debug|Any CPU.Build.0 = Debug|Any CPU
		{00F05278-9F3F-40B0-B377-64E26B028888}.Release|Any CPU.ActiveCfg = Release|Any CPU
		{00F05278-9F3F-40B0-B377-64E26B028888}.Release|Any CPU.Build.0 = Release|Any CPU
	EndGlobalSection
	GlobalSection(SolutionProperties) = preSolution
		HideSolutionNode = FALSE
	EndGlobalSection
	GlobalSection(ExtensibilityGlobals) = postSolution
		SolutionGuid = {6FA96453-7A9C-4F78-89EE-676C4611C899}
	EndGlobalSection
EndGlobal
