
Microsoft Visual Studio Solution File, Format Version 12.00
# Visual Studio Version 16
VisualStudioVersion = 16.0.30611.23
MinimumVisualStudioVersion = 10.0.40219.1
Project("{9A19103F-16F7-4668-BE54-9A1E7A4F7556}") = "Meadow.CLI.Core", "Meadow.CLI.Core\Meadow.CLI.Core.csproj", "{76E38709-DF60-4B6D-BD19-24A50869DBFD}"
EndProject
Project("{9A19103F-16F7-4668-BE54-9A1E7A4F7556}") = "Meadow.CLI", "Meadow.CLI\Meadow.CLI.csproj", "{A411EB86-BBD0-47FA-B4F9-EB9CFFE63F43}"
EndProject
Project("{9A19103F-16F7-4668-BE54-9A1E7A4F7556}") = "Meadow.CLI.Test", "Meadow.CLI.Test\Meadow.CLI.Test.csproj", "{0A7887E0-9DCA-4072-91D8-6409C5562243}"
EndProject
Project("{9A19103F-16F7-4668-BE54-9A1E7A4F7556}") = "TestApp", "TestApp\TestApp.csproj", "{77078963-7FF2-4949-A8C2-1C36009D5FD6}"
EndProject
Project("{D954291E-2A0B-460D-934E-DC6B0785DB48}") = "MeadowLogger", "MeadowLogger\MeadowLogger.shproj", "{A04F6A20-2B23-4B29-9905-1B79A39BBF25}"
EndProject
Project("{2150E333-8FDC-42A3-9474-1A3956D46DE8}") = "VS2019", "VS2019", "{01672F83-BC02-42E2-961F-B3C2604B067F}"
EndProject
Project("{9A19103F-16F7-4668-BE54-9A1E7A4F7556}") = "Meadow.CLI.Core.VS2019", "Meadow.CLI.Core\Meadow.CLI.Core.VS2019.csproj", "{A2C2A8AA-8026-48C0-A38A-45AB80323F17}"
EndProject
Global
	GlobalSection(SharedMSBuildProjectFiles) = preSolution
		MeadowLogger\MeadowLogger.projitems*{a04f6a20-2b23-4b29-9905-1b79a39bbf25}*SharedItemsImports = 13
		MeadowLogger\MeadowLogger.projitems*{a2c2a8aa-8026-48c0-a38a-45ab80323f17}*SharedItemsImports = 5
	EndGlobalSection
	GlobalSection(SolutionConfigurationPlatforms) = preSolution
		Debug|Any CPU = Debug|Any CPU
		Debug|x64 = Debug|x64
		Debug|x86 = Debug|x86
		Release|Any CPU = Release|Any CPU
		Release|x64 = Release|x64
		Release|x86 = Release|x86
	EndGlobalSection
	GlobalSection(ProjectConfigurationPlatforms) = postSolution
		{76E38709-DF60-4B6D-BD19-24A50869DBFD}.Debug|Any CPU.ActiveCfg = Debug|Any CPU
		{76E38709-DF60-4B6D-BD19-24A50869DBFD}.Debug|Any CPU.Build.0 = Debug|Any CPU
		{76E38709-DF60-4B6D-BD19-24A50869DBFD}.Debug|x64.ActiveCfg = Debug|x64
		{76E38709-DF60-4B6D-BD19-24A50869DBFD}.Debug|x64.Build.0 = Debug|x64
		{76E38709-DF60-4B6D-BD19-24A50869DBFD}.Debug|x86.ActiveCfg = Debug|x86
		{76E38709-DF60-4B6D-BD19-24A50869DBFD}.Debug|x86.Build.0 = Debug|x86
		{76E38709-DF60-4B6D-BD19-24A50869DBFD}.Release|Any CPU.ActiveCfg = Release|Any CPU
		{76E38709-DF60-4B6D-BD19-24A50869DBFD}.Release|Any CPU.Build.0 = Release|Any CPU
		{76E38709-DF60-4B6D-BD19-24A50869DBFD}.Release|x64.ActiveCfg = Release|x64
		{76E38709-DF60-4B6D-BD19-24A50869DBFD}.Release|x64.Build.0 = Release|x64
		{76E38709-DF60-4B6D-BD19-24A50869DBFD}.Release|x86.ActiveCfg = Release|x86
		{76E38709-DF60-4B6D-BD19-24A50869DBFD}.Release|x86.Build.0 = Release|x86
		{A411EB86-BBD0-47FA-B4F9-EB9CFFE63F43}.Debug|Any CPU.ActiveCfg = Debug|Any CPU
		{A411EB86-BBD0-47FA-B4F9-EB9CFFE63F43}.Debug|Any CPU.Build.0 = Debug|Any CPU
		{A411EB86-BBD0-47FA-B4F9-EB9CFFE63F43}.Debug|x64.ActiveCfg = Debug|x64
		{A411EB86-BBD0-47FA-B4F9-EB9CFFE63F43}.Debug|x64.Build.0 = Debug|x64
		{A411EB86-BBD0-47FA-B4F9-EB9CFFE63F43}.Debug|x86.ActiveCfg = Debug|x86
		{A411EB86-BBD0-47FA-B4F9-EB9CFFE63F43}.Debug|x86.Build.0 = Debug|x86
		{A411EB86-BBD0-47FA-B4F9-EB9CFFE63F43}.Release|Any CPU.ActiveCfg = Release|Any CPU
		{A411EB86-BBD0-47FA-B4F9-EB9CFFE63F43}.Release|Any CPU.Build.0 = Release|Any CPU
		{A411EB86-BBD0-47FA-B4F9-EB9CFFE63F43}.Release|x64.ActiveCfg = Release|x64
		{A411EB86-BBD0-47FA-B4F9-EB9CFFE63F43}.Release|x64.Build.0 = Release|x64
		{A411EB86-BBD0-47FA-B4F9-EB9CFFE63F43}.Release|x86.ActiveCfg = Release|x86
		{A411EB86-BBD0-47FA-B4F9-EB9CFFE63F43}.Release|x86.Build.0 = Release|x86
		{0A7887E0-9DCA-4072-91D8-6409C5562243}.Debug|Any CPU.ActiveCfg = Debug|Any CPU
		{0A7887E0-9DCA-4072-91D8-6409C5562243}.Debug|Any CPU.Build.0 = Debug|Any CPU
		{0A7887E0-9DCA-4072-91D8-6409C5562243}.Debug|x64.ActiveCfg = Debug|x64
		{0A7887E0-9DCA-4072-91D8-6409C5562243}.Debug|x64.Build.0 = Debug|x64
		{0A7887E0-9DCA-4072-91D8-6409C5562243}.Debug|x86.ActiveCfg = Debug|x86
		{0A7887E0-9DCA-4072-91D8-6409C5562243}.Debug|x86.Build.0 = Debug|x86
		{0A7887E0-9DCA-4072-91D8-6409C5562243}.Release|Any CPU.ActiveCfg = Release|Any CPU
		{0A7887E0-9DCA-4072-91D8-6409C5562243}.Release|Any CPU.Build.0 = Release|Any CPU
		{0A7887E0-9DCA-4072-91D8-6409C5562243}.Release|x64.ActiveCfg = Release|x64
		{0A7887E0-9DCA-4072-91D8-6409C5562243}.Release|x64.Build.0 = Release|x64
		{0A7887E0-9DCA-4072-91D8-6409C5562243}.Release|x86.ActiveCfg = Release|x86
		{0A7887E0-9DCA-4072-91D8-6409C5562243}.Release|x86.Build.0 = Release|x86
		{77078963-7FF2-4949-A8C2-1C36009D5FD6}.Debug|Any CPU.ActiveCfg = Debug|Any CPU
		{77078963-7FF2-4949-A8C2-1C36009D5FD6}.Debug|Any CPU.Build.0 = Debug|Any CPU
		{77078963-7FF2-4949-A8C2-1C36009D5FD6}.Debug|x64.ActiveCfg = Debug|x64
		{77078963-7FF2-4949-A8C2-1C36009D5FD6}.Debug|x64.Build.0 = Debug|x64
		{77078963-7FF2-4949-A8C2-1C36009D5FD6}.Debug|x86.ActiveCfg = Debug|x86
		{77078963-7FF2-4949-A8C2-1C36009D5FD6}.Debug|x86.Build.0 = Debug|x86
		{77078963-7FF2-4949-A8C2-1C36009D5FD6}.Release|Any CPU.ActiveCfg = Release|Any CPU
		{77078963-7FF2-4949-A8C2-1C36009D5FD6}.Release|Any CPU.Build.0 = Release|Any CPU
		{77078963-7FF2-4949-A8C2-1C36009D5FD6}.Release|x64.ActiveCfg = Release|x64
		{77078963-7FF2-4949-A8C2-1C36009D5FD6}.Release|x64.Build.0 = Release|x64
		{77078963-7FF2-4949-A8C2-1C36009D5FD6}.Release|x86.ActiveCfg = Release|x86
		{77078963-7FF2-4949-A8C2-1C36009D5FD6}.Release|x86.Build.0 = Release|x86
		{A2C2A8AA-8026-48C0-A38A-45AB80323F17}.Debug|Any CPU.ActiveCfg = Debug|Any CPU
		{A2C2A8AA-8026-48C0-A38A-45AB80323F17}.Debug|Any CPU.Build.0 = Debug|Any CPU
		{A2C2A8AA-8026-48C0-A38A-45AB80323F17}.Debug|x64.ActiveCfg = Debug|Any CPU
		{A2C2A8AA-8026-48C0-A38A-45AB80323F17}.Debug|x64.Build.0 = Debug|Any CPU
		{A2C2A8AA-8026-48C0-A38A-45AB80323F17}.Debug|x86.ActiveCfg = Debug|Any CPU
		{A2C2A8AA-8026-48C0-A38A-45AB80323F17}.Debug|x86.Build.0 = Debug|Any CPU
		{A2C2A8AA-8026-48C0-A38A-45AB80323F17}.Release|Any CPU.ActiveCfg = Release|Any CPU
		{A2C2A8AA-8026-48C0-A38A-45AB80323F17}.Release|Any CPU.Build.0 = Release|Any CPU
		{A2C2A8AA-8026-48C0-A38A-45AB80323F17}.Release|x64.ActiveCfg = Release|Any CPU
		{A2C2A8AA-8026-48C0-A38A-45AB80323F17}.Release|x64.Build.0 = Release|Any CPU
		{A2C2A8AA-8026-48C0-A38A-45AB80323F17}.Release|x86.ActiveCfg = Release|Any CPU
		{A2C2A8AA-8026-48C0-A38A-45AB80323F17}.Release|x86.Build.0 = Release|Any CPU
	EndGlobalSection
	GlobalSection(SolutionProperties) = preSolution
		HideSolutionNode = FALSE
	EndGlobalSection
	GlobalSection(NestedProjects) = preSolution
		{A04F6A20-2B23-4B29-9905-1B79A39BBF25} = {01672F83-BC02-42E2-961F-B3C2604B067F}
		{A2C2A8AA-8026-48C0-A38A-45AB80323F17} = {01672F83-BC02-42E2-961F-B3C2604B067F}
	EndGlobalSection
	GlobalSection(ExtensibilityGlobals) = postSolution
		SolutionGuid = {6FA96453-7A9C-4F78-89EE-676C4611C899}
	EndGlobalSection
EndGlobal
