
Microsoft Visual Studio Solution File, Format Version 12.00
# Visual Studio Version 17
VisualStudioVersion = 17.0.32014.148
MinimumVisualStudioVersion = 10.0.40219.1
Project("{9A19103F-16F7-4668-BE54-9A1E7A4F7556}") = "Meadow.CLI.Core", "Meadow.CLI.Core\Meadow.CLI.Core.csproj", "{76E38709-DF60-4B6D-BD19-24A50869DBFD}"
EndProject
Project("{9A19103F-16F7-4668-BE54-9A1E7A4F7556}") = "Meadow.CLI", "Meadow.CLI\Meadow.CLI.csproj", "{A411EB86-BBD0-47FA-B4F9-EB9CFFE63F43}"
EndProject
Project("{9A19103F-16F7-4668-BE54-9A1E7A4F7556}") = "Meadow.CLI.Test", "Meadow.CLI.Test\Meadow.CLI.Test.csproj", "{0A7887E0-9DCA-4072-91D8-6409C5562243}"
EndProject
Project("{9A19103F-16F7-4668-BE54-9A1E7A4F7556}") = "TestApp", "TestApp\TestApp.csproj", "{77078963-7FF2-4949-A8C2-1C36009D5FD6}"
EndProject
Project("{FAE04EC0-301F-11D3-BF4B-00C04F79EFBC}") = "Meadow.Hcom", "Meadow.Hcom\Meadow.Hcom.csproj", "{4E235030-7202-4BE7-B497-14873CB9F124}"
EndProject
Global
	GlobalSection(SolutionConfigurationPlatforms) = preSolution
		Debug|Any CPU = Debug|Any CPU
		Debug|x64 = Debug|x64
		Debug|x86 = Debug|x86
		Release|Any CPU = Release|Any CPU
		Release|x64 = Release|x64
		Release|x86 = Release|x86
	EndGlobalSection
	GlobalSection(ProjectConfigurationPlatforms) = postSolution
		{76E38709-DF60-4B6D-BD19-24A50869DBFD}.Debug|Any CPU.ActiveCfg = Debug|Any CPU
		{76E38709-DF60-4B6D-BD19-24A50869DBFD}.Debug|Any CPU.Build.0 = Debug|Any CPU
		{76E38709-DF60-4B6D-BD19-24A50869DBFD}.Debug|x64.ActiveCfg = Debug|x64
		{76E38709-DF60-4B6D-BD19-24A50869DBFD}.Debug|x64.Build.0 = Debug|x64
		{76E38709-DF60-4B6D-BD19-24A50869DBFD}.Debug|x86.ActiveCfg = Debug|x86
		{76E38709-DF60-4B6D-BD19-24A50869DBFD}.Debug|x86.Build.0 = Debug|x86
		{76E38709-DF60-4B6D-BD19-24A50869DBFD}.Release|Any CPU.ActiveCfg = Release|Any CPU
		{76E38709-DF60-4B6D-BD19-24A50869DBFD}.Release|Any CPU.Build.0 = Release|Any CPU
		{76E38709-DF60-4B6D-BD19-24A50869DBFD}.Release|x64.ActiveCfg = Release|x64
		{76E38709-DF60-4B6D-BD19-24A50869DBFD}.Release|x64.Build.0 = Release|x64
		{76E38709-DF60-4B6D-BD19-24A50869DBFD}.Release|x86.ActiveCfg = Release|x86
		{76E38709-DF60-4B6D-BD19-24A50869DBFD}.Release|x86.Build.0 = Release|x86
		{A411EB86-BBD0-47FA-B4F9-EB9CFFE63F43}.Debug|Any CPU.ActiveCfg = Debug|x64
		{A411EB86-BBD0-47FA-B4F9-EB9CFFE63F43}.Debug|Any CPU.Build.0 = Debug|x64
		{A411EB86-BBD0-47FA-B4F9-EB9CFFE63F43}.Debug|x64.ActiveCfg = Debug|x64
		{A411EB86-BBD0-47FA-B4F9-EB9CFFE63F43}.Debug|x64.Build.0 = Debug|x64
		{A411EB86-BBD0-47FA-B4F9-EB9CFFE63F43}.Debug|x86.ActiveCfg = Debug|x86
		{A411EB86-BBD0-47FA-B4F9-EB9CFFE63F43}.Debug|x86.Build.0 = Debug|x86
		{A411EB86-BBD0-47FA-B4F9-EB9CFFE63F43}.Release|Any CPU.ActiveCfg = Release|Any CPU
		{A411EB86-BBD0-47FA-B4F9-EB9CFFE63F43}.Release|Any CPU.Build.0 = Release|Any CPU
		{A411EB86-BBD0-47FA-B4F9-EB9CFFE63F43}.Release|x64.ActiveCfg = Release|x64
		{A411EB86-BBD0-47FA-B4F9-EB9CFFE63F43}.Release|x64.Build.0 = Release|x64
		{A411EB86-BBD0-47FA-B4F9-EB9CFFE63F43}.Release|x86.ActiveCfg = Release|x86
		{A411EB86-BBD0-47FA-B4F9-EB9CFFE63F43}.Release|x86.Build.0 = Release|x86
		{0A7887E0-9DCA-4072-91D8-6409C5562243}.Debug|Any CPU.ActiveCfg = Debug|Any CPU
		{0A7887E0-9DCA-4072-91D8-6409C5562243}.Debug|Any CPU.Build.0 = Debug|Any CPU
		{0A7887E0-9DCA-4072-91D8-6409C5562243}.Debug|x64.ActiveCfg = Debug|x64
		{0A7887E0-9DCA-4072-91D8-6409C5562243}.Debug|x64.Build.0 = Debug|x64
		{0A7887E0-9DCA-4072-91D8-6409C5562243}.Debug|x86.ActiveCfg = Debug|x86
		{0A7887E0-9DCA-4072-91D8-6409C5562243}.Debug|x86.Build.0 = Debug|x86
		{0A7887E0-9DCA-4072-91D8-6409C5562243}.Release|Any CPU.ActiveCfg = Release|Any CPU
		{0A7887E0-9DCA-4072-91D8-6409C5562243}.Release|Any CPU.Build.0 = Release|Any CPU
		{0A7887E0-9DCA-4072-91D8-6409C5562243}.Release|x64.ActiveCfg = Release|x64
		{0A7887E0-9DCA-4072-91D8-6409C5562243}.Release|x64.Build.0 = Release|x64
		{0A7887E0-9DCA-4072-91D8-6409C5562243}.Release|x86.ActiveCfg = Release|x86
		{0A7887E0-9DCA-4072-91D8-6409C5562243}.Release|x86.Build.0 = Release|x86
		{77078963-7FF2-4949-A8C2-1C36009D5FD6}.Debug|Any CPU.ActiveCfg = Debug|Any CPU
		{77078963-7FF2-4949-A8C2-1C36009D5FD6}.Debug|Any CPU.Build.0 = Debug|Any CPU
		{77078963-7FF2-4949-A8C2-1C36009D5FD6}.Debug|x64.ActiveCfg = Debug|x64
		{77078963-7FF2-4949-A8C2-1C36009D5FD6}.Debug|x64.Build.0 = Debug|x64
		{77078963-7FF2-4949-A8C2-1C36009D5FD6}.Debug|x86.ActiveCfg = Debug|x86
		{77078963-7FF2-4949-A8C2-1C36009D5FD6}.Debug|x86.Build.0 = Debug|x86
		{77078963-7FF2-4949-A8C2-1C36009D5FD6}.Release|Any CPU.ActiveCfg = Release|Any CPU
		{77078963-7FF2-4949-A8C2-1C36009D5FD6}.Release|Any CPU.Build.0 = Release|Any CPU
		{77078963-7FF2-4949-A8C2-1C36009D5FD6}.Release|x64.ActiveCfg = Release|x64
		{77078963-7FF2-4949-A8C2-1C36009D5FD6}.Release|x64.Build.0 = Release|x64
		{77078963-7FF2-4949-A8C2-1C36009D5FD6}.Release|x86.ActiveCfg = Release|x86
		{77078963-7FF2-4949-A8C2-1C36009D5FD6}.Release|x86.Build.0 = Release|x86
		{4E235030-7202-4BE7-B497-14873CB9F124}.Debug|Any CPU.ActiveCfg = Debug|Any CPU
		{4E235030-7202-4BE7-B497-14873CB9F124}.Debug|Any CPU.Build.0 = Debug|Any CPU
		{4E235030-7202-4BE7-B497-14873CB9F124}.Debug|x64.ActiveCfg = Debug|Any CPU
		{4E235030-7202-4BE7-B497-14873CB9F124}.Debug|x64.Build.0 = Debug|Any CPU
		{4E235030-7202-4BE7-B497-14873CB9F124}.Debug|x86.ActiveCfg = Debug|Any CPU
		{4E235030-7202-4BE7-B497-14873CB9F124}.Debug|x86.Build.0 = Debug|Any CPU
		{4E235030-7202-4BE7-B497-14873CB9F124}.Release|Any CPU.ActiveCfg = Release|Any CPU
		{4E235030-7202-4BE7-B497-14873CB9F124}.Release|Any CPU.Build.0 = Release|Any CPU
		{4E235030-7202-4BE7-B497-14873CB9F124}.Release|x64.ActiveCfg = Release|Any CPU
		{4E235030-7202-4BE7-B497-14873CB9F124}.Release|x64.Build.0 = Release|Any CPU
		{4E235030-7202-4BE7-B497-14873CB9F124}.Release|x86.ActiveCfg = Release|Any CPU
		{4E235030-7202-4BE7-B497-14873CB9F124}.Release|x86.Build.0 = Release|Any CPU
	EndGlobalSection
	GlobalSection(SolutionProperties) = preSolution
		HideSolutionNode = FALSE
	EndGlobalSection
	GlobalSection(ExtensibilityGlobals) = postSolution
		SolutionGuid = {6FA96453-7A9C-4F78-89EE-676C4611C899}
	EndGlobalSection
EndGlobal
