Microsoft Visual Studio Solution File, Format Version 12.00
# Visual Studio Version 17
VisualStudioVersion = 17.4.33213.308
MinimumVisualStudioVersion = 10.0.40219.1
Project("{9A19103F-16F7-4668-BE54-9A1E7A4F7556}") = "Meadow.HCom", "Meadow.HCom\Meadow.HCom.csproj", "{6C2FA084-701B-4A28-8775-BF18B84E366B}"
EndProject
Project("{9A19103F-16F7-4668-BE54-9A1E7A4F7556}") = "Meadow.CLI", "Meadow.CLI\Meadow.CLI.csproj", "{1BD32521-158C-478A-AEE7-0EE52BF3571F}"
EndProject
Project("{9A19103F-16F7-4668-BE54-9A1E7A4F7556}") = "Meadow.Contracts", "..\..\..\Meadow.Contracts\Source\Meadow.Contracts\Meadow.Contracts.csproj", "{62D2092A-5A19-47AC-9B81-A8F5D9D7BD47}"
EndProject
Project("{2150E333-8FDC-42A3-9474-1A3956D46DE8}") = "_ref", "_ref", "{562945CE-DA15-4A2E-86A2-CA7E3FF22DCA}"
EndProject
Project("{9A19103F-16F7-4668-BE54-9A1E7A4F7556}") = "Meadow.Logging", "..\..\..\Meadow.Logging\Source\Meadow.Logging\lib\Meadow.Logging.csproj", "{946B7200-8CC1-4A8D-9BCE-FCB06EDC705B}"
EndProject
Project("{9A19103F-16F7-4668-BE54-9A1E7A4F7556}") = "Meadow.Units", "..\..\..\Meadow.Units\Source\Meadow.Units\Meadow.Units.csproj", "{5DC0D8EC-85D4-4E98-9403-2D5B9700D8AC}"
EndProject
Project("{9A19103F-16F7-4668-BE54-9A1E7A4F7556}") = "Meadow.SoftwareManager", "Meadow.SoftwareManager\Meadow.SoftwareManager.csproj", "{B842E44B-F57F-4728-980F-776DE6E2CDAA}"
EndProject
Project("{9A19103F-16F7-4668-BE54-9A1E7A4F7556}") = "Meadow.UsbLib", "Meadow.UsbLib\Meadow.UsbLib.csproj", "{5B071B58-550C-492D-8A24-973D4183FAAF}"
EndProject
Project("{9A19103F-16F7-4668-BE54-9A1E7A4F7556}") = "Meadow.UsbLibClassic", "Meadow.UsbLibClassic\Meadow.UsbLibClassic.csproj", "{42F3A4D2-CBF9-4DF3-8ADC-BF775101F34A}"
EndProject
Project("{9A19103F-16F7-4668-BE54-9A1E7A4F7556}") = "Meadow.CLI.Core", "Meadow.CLI.Core\Meadow.CLI.Core.csproj", "{677B1C15-8936-4807-8A4F-4F5219BBDB7C}"
EndProject
Project("{9A19103F-16F7-4668-BE54-9A1E7A4F7556}") = "Meadow.Cloud.Client", "Meadow.Cloud.Client\Meadow.Cloud.Client.csproj", "{A71A3C98-2B11-46FE-AB7A-EAD9271862AA}"
EndProject
Project("{9A19103F-16F7-4668-BE54-9A1E7A4F7556}") = "Meadow.UsbLib.Core", "Meadow.UsbLib.Core\Meadow.UsbLib.Core.csproj", "{F02ADBEF-4D52-4A71-9D95-74F45D68B43B}"
EndProject
Project("{2150E333-8FDC-42A3-9474-1A3956D46DE8}") = "Tests", "Tests", "{21DDDD82-ED2C-49F3-988A-97F34D4AE8F5}"
EndProject
Project("{9A19103F-16F7-4668-BE54-9A1E7A4F7556}") = "Meadow.HCom.Integration.Tests", "Tests\Meadow.HCom.Integration.Tests\Meadow.HCom.Integration.Tests.csproj", "{F6617A9E-0CE9-4F6E-8D0B-F90DCD5FAC67}"
EndProject
Project("{9A19103F-16F7-4668-BE54-9A1E7A4F7556}") = "Meadow.SoftwareManager.Unit.Tests", "Tests\Meadow.SoftwareManager.Unit.Tests\Meadow.SoftwareManager.Unit.Tests.csproj", "{5EE89C75-DCDA-40A6-920B-0FA7915AB1D8}"
EndProject
Project("{9A19103F-16F7-4668-BE54-9A1E7A4F7556}") = "Meadow.SoftwareManager.Integration.Tests", "Tests\Meadow.SoftwareManager.Integration.Tests\Meadow.SoftwareManager.Integration.Tests.csproj", "{6D8D2257-09C0-4DCF-9E06-60A7D44A3FDC}"
EndProject
Project("{9A19103F-16F7-4668-BE54-9A1E7A4F7556}") = "Meadow.Cloud.Client.Unit.Tests", "Tests\Meadow.Cloud.Client.Unit.Tests\Meadow.Cloud.Client.Unit.Tests.csproj", "{E5DD4338-135A-4906-B67D-3EF2C44C96D9}"
EndProject
Project("{9A19103F-16F7-4668-BE54-9A1E7A4F7556}") = "Meadow.Linker", "Meadow.Linker\Meadow.Linker.csproj", "{335A8E39-FBCB-4B4E-BF83-6EBBBC1F0C45}"
EndProject
Global
	GlobalSection(SolutionConfigurationPlatforms) = preSolution
		Debug|Any CPU = Debug|Any CPU
		Release|Any CPU = Release|Any CPU
	EndGlobalSection
	GlobalSection(ProjectConfigurationPlatforms) = postSolution
		{6C2FA084-701B-4A28-8775-BF18B84E366B}.Debug|Any CPU.ActiveCfg = Debug|Any CPU
		{6C2FA084-701B-4A28-8775-BF18B84E366B}.Debug|Any CPU.Build.0 = Debug|Any CPU
		{6C2FA084-701B-4A28-8775-BF18B84E366B}.Release|Any CPU.ActiveCfg = Release|Any CPU
		{6C2FA084-701B-4A28-8775-BF18B84E366B}.Release|Any CPU.Build.0 = Release|Any CPU
		{1BD32521-158C-478A-AEE7-0EE52BF3571F}.Debug|Any CPU.ActiveCfg = Debug|Any CPU
		{1BD32521-158C-478A-AEE7-0EE52BF3571F}.Debug|Any CPU.Build.0 = Debug|Any CPU
		{1BD32521-158C-478A-AEE7-0EE52BF3571F}.Release|Any CPU.ActiveCfg = Release|Any CPU
		{1BD32521-158C-478A-AEE7-0EE52BF3571F}.Release|Any CPU.Build.0 = Release|Any CPU
		{62D2092A-5A19-47AC-9B81-A8F5D9D7BD47}.Debug|Any CPU.ActiveCfg = Debug|Any CPU
		{62D2092A-5A19-47AC-9B81-A8F5D9D7BD47}.Debug|Any CPU.Build.0 = Debug|Any CPU
		{62D2092A-5A19-47AC-9B81-A8F5D9D7BD47}.Debug|Any CPU.Deploy.0 = Debug|Any CPU
		{62D2092A-5A19-47AC-9B81-A8F5D9D7BD47}.Release|Any CPU.ActiveCfg = Release|Any CPU
		{62D2092A-5A19-47AC-9B81-A8F5D9D7BD47}.Release|Any CPU.Build.0 = Release|Any CPU
		{62D2092A-5A19-47AC-9B81-A8F5D9D7BD47}.Release|Any CPU.Deploy.0 = Release|Any CPU
		{946B7200-8CC1-4A8D-9BCE-FCB06EDC705B}.Debug|Any CPU.ActiveCfg = Debug|Any CPU
		{946B7200-8CC1-4A8D-9BCE-FCB06EDC705B}.Debug|Any CPU.Build.0 = Debug|Any CPU
		{946B7200-8CC1-4A8D-9BCE-FCB06EDC705B}.Release|Any CPU.ActiveCfg = Release|Any CPU
		{946B7200-8CC1-4A8D-9BCE-FCB06EDC705B}.Release|Any CPU.Build.0 = Release|Any CPU
		{5DC0D8EC-85D4-4E98-9403-2D5B9700D8AC}.Debug|Any CPU.ActiveCfg = Debug|Any CPU
		{5DC0D8EC-85D4-4E98-9403-2D5B9700D8AC}.Debug|Any CPU.Build.0 = Debug|Any CPU
		{5DC0D8EC-85D4-4E98-9403-2D5B9700D8AC}.Debug|Any CPU.Deploy.0 = Debug|Any CPU
		{5DC0D8EC-85D4-4E98-9403-2D5B9700D8AC}.Release|Any CPU.ActiveCfg = Release|Any CPU
		{5DC0D8EC-85D4-4E98-9403-2D5B9700D8AC}.Release|Any CPU.Build.0 = Release|Any CPU
		{5DC0D8EC-85D4-4E98-9403-2D5B9700D8AC}.Release|Any CPU.Deploy.0 = Release|Any CPU
		{B842E44B-F57F-4728-980F-776DE6E2CDAA}.Debug|Any CPU.ActiveCfg = Debug|Any CPU
		{B842E44B-F57F-4728-980F-776DE6E2CDAA}.Debug|Any CPU.Build.0 = Debug|Any CPU
		{B842E44B-F57F-4728-980F-776DE6E2CDAA}.Release|Any CPU.ActiveCfg = Release|Any CPU
		{B842E44B-F57F-4728-980F-776DE6E2CDAA}.Release|Any CPU.Build.0 = Release|Any CPU
		{5B071B58-550C-492D-8A24-973D4183FAAF}.Debug|Any CPU.ActiveCfg = Debug|Any CPU
		{5B071B58-550C-492D-8A24-973D4183FAAF}.Debug|Any CPU.Build.0 = Debug|Any CPU
		{5B071B58-550C-492D-8A24-973D4183FAAF}.Release|Any CPU.ActiveCfg = Release|Any CPU
		{5B071B58-550C-492D-8A24-973D4183FAAF}.Release|Any CPU.Build.0 = Release|Any CPU
		{42F3A4D2-CBF9-4DF3-8ADC-BF775101F34A}.Debug|Any CPU.ActiveCfg = Debug|Any CPU
		{42F3A4D2-CBF9-4DF3-8ADC-BF775101F34A}.Debug|Any CPU.Build.0 = Debug|Any CPU
		{42F3A4D2-CBF9-4DF3-8ADC-BF775101F34A}.Release|Any CPU.ActiveCfg = Release|Any CPU
		{42F3A4D2-CBF9-4DF3-8ADC-BF775101F34A}.Release|Any CPU.Build.0 = Release|Any CPU
		{677B1C15-8936-4807-8A4F-4F5219BBDB7C}.Debug|Any CPU.ActiveCfg = Debug|Any CPU
		{677B1C15-8936-4807-8A4F-4F5219BBDB7C}.Debug|Any CPU.Build.0 = Debug|Any CPU
		{677B1C15-8936-4807-8A4F-4F5219BBDB7C}.Release|Any CPU.ActiveCfg = Release|Any CPU
		{677B1C15-8936-4807-8A4F-4F5219BBDB7C}.Release|Any CPU.Build.0 = Release|Any CPU
		{A71A3C98-2B11-46FE-AB7A-EAD9271862AA}.Debug|Any CPU.ActiveCfg = Debug|Any CPU
		{A71A3C98-2B11-46FE-AB7A-EAD9271862AA}.Debug|Any CPU.Build.0 = Debug|Any CPU
		{A71A3C98-2B11-46FE-AB7A-EAD9271862AA}.Release|Any CPU.ActiveCfg = Release|Any CPU
		{A71A3C98-2B11-46FE-AB7A-EAD9271862AA}.Release|Any CPU.Build.0 = Release|Any CPU
		{F02ADBEF-4D52-4A71-9D95-74F45D68B43B}.Debug|Any CPU.ActiveCfg = Debug|Any CPU
		{F02ADBEF-4D52-4A71-9D95-74F45D68B43B}.Debug|Any CPU.Build.0 = Debug|Any CPU
		{F02ADBEF-4D52-4A71-9D95-74F45D68B43B}.Release|Any CPU.ActiveCfg = Release|Any CPU
		{F02ADBEF-4D52-4A71-9D95-74F45D68B43B}.Release|Any CPU.Build.0 = Release|Any CPU
		{F6617A9E-0CE9-4F6E-8D0B-F90DCD5FAC67}.Debug|Any CPU.ActiveCfg = Debug|Any CPU
		{F6617A9E-0CE9-4F6E-8D0B-F90DCD5FAC67}.Debug|Any CPU.Build.0 = Debug|Any CPU
		{F6617A9E-0CE9-4F6E-8D0B-F90DCD5FAC67}.Release|Any CPU.ActiveCfg = Release|Any CPU
		{F6617A9E-0CE9-4F6E-8D0B-F90DCD5FAC67}.Release|Any CPU.Build.0 = Release|Any CPU
		{5EE89C75-DCDA-40A6-920B-0FA7915AB1D8}.Debug|Any CPU.ActiveCfg = Debug|Any CPU
		{5EE89C75-DCDA-40A6-920B-0FA7915AB1D8}.Debug|Any CPU.Build.0 = Debug|Any CPU
		{5EE89C75-DCDA-40A6-920B-0FA7915AB1D8}.Release|Any CPU.ActiveCfg = Release|Any CPU
		{5EE89C75-DCDA-40A6-920B-0FA7915AB1D8}.Release|Any CPU.Build.0 = Release|Any CPU
		{6D8D2257-09C0-4DCF-9E06-60A7D44A3FDC}.Debug|Any CPU.ActiveCfg = Debug|Any CPU
		{6D8D2257-09C0-4DCF-9E06-60A7D44A3FDC}.Debug|Any CPU.Build.0 = Debug|Any CPU
		{6D8D2257-09C0-4DCF-9E06-60A7D44A3FDC}.Release|Any CPU.ActiveCfg = Release|Any CPU
		{6D8D2257-09C0-4DCF-9E06-60A7D44A3FDC}.Release|Any CPU.Build.0 = Release|Any CPU
		{E5DD4338-135A-4906-B67D-3EF2C44C96D9}.Debug|Any CPU.ActiveCfg = Debug|Any CPU
		{E5DD4338-135A-4906-B67D-3EF2C44C96D9}.Debug|Any CPU.Build.0 = Debug|Any CPU
		{E5DD4338-135A-4906-B67D-3EF2C44C96D9}.Release|Any CPU.ActiveCfg = Release|Any CPU
		{E5DD4338-135A-4906-B67D-3EF2C44C96D9}.Release|Any CPU.Build.0 = Release|Any CPU
		{335A8E39-FBCB-4B4E-BF83-6EBBBC1F0C45}.Debug|Any CPU.ActiveCfg = Debug|Any CPU
		{335A8E39-FBCB-4B4E-BF83-6EBBBC1F0C45}.Debug|Any CPU.Build.0 = Debug|Any CPU
		{335A8E39-FBCB-4B4E-BF83-6EBBBC1F0C45}.Release|Any CPU.ActiveCfg = Release|Any CPU
		{335A8E39-FBCB-4B4E-BF83-6EBBBC1F0C45}.Release|Any CPU.Build.0 = Release|Any CPU
	EndGlobalSection
	GlobalSection(SolutionProperties) = preSolution
		HideSolutionNode = FALSE
	EndGlobalSection
	GlobalSection(NestedProjects) = preSolution
		{62D2092A-5A19-47AC-9B81-A8F5D9D7BD47} = {562945CE-DA15-4A2E-86A2-CA7E3FF22DCA}
		{946B7200-8CC1-4A8D-9BCE-FCB06EDC705B} = {562945CE-DA15-4A2E-86A2-CA7E3FF22DCA}
		{5DC0D8EC-85D4-4E98-9403-2D5B9700D8AC} = {562945CE-DA15-4A2E-86A2-CA7E3FF22DCA}
		{F6617A9E-0CE9-4F6E-8D0B-F90DCD5FAC67} = {21DDDD82-ED2C-49F3-988A-97F34D4AE8F5}
		{5EE89C75-DCDA-40A6-920B-0FA7915AB1D8} = {21DDDD82-ED2C-49F3-988A-97F34D4AE8F5}
		{6D8D2257-09C0-4DCF-9E06-60A7D44A3FDC} = {21DDDD82-ED2C-49F3-988A-97F34D4AE8F5}
		{E5DD4338-135A-4906-B67D-3EF2C44C96D9} = {21DDDD82-ED2C-49F3-988A-97F34D4AE8F5}
	EndGlobalSection
	GlobalSection(ExtensibilityGlobals) = postSolution
		SolutionGuid = {9BA76C46-6C2E-447A-BCAD-423B3C51C52D}
	EndGlobalSection
EndGlobal
