
Microsoft Visual Studio Solution File, Format Version 12.00
# Visual Studio Version 17
VisualStudioVersion = 17.4.33213.308
MinimumVisualStudioVersion = 10.0.40219.1
Project("{9A19103F-16F7-4668-BE54-9A1E7A4F7556}") = "Meadow.Hcom", "Meadow.Hcom.csproj", "{0CB726B4-B03B-45DB-BEF2-BB811BDAE8BA}"
EndProject
Project("{9A19103F-16F7-4668-BE54-9A1E7A4F7556}") = "Meadow.HCom.Integration.Tests", "..\Meadow.HCom.Integration.Tests\Meadow.HCom.Integration.Tests.csproj", "{F8830C1D-8343-4700-A849-B22537411E98}"
EndProject
Project("{FAE04EC0-301F-11D3-BF4B-00C04F79EFBC}") = "Meadow.CLI", "..\Meadow.CLI\Meadow.CLI.csproj", "{5E2ACCA3-232B-4B79-BCB9-A7184E42816B}"
EndProject
Global
	GlobalSection(SolutionConfigurationPlatforms) = preSolution
		Debug|Any CPU = Debug|Any CPU
		Release|Any CPU = Release|Any CPU
	EndGlobalSection
	GlobalSection(ProjectConfigurationPlatforms) = postSolution
		{0CB726B4-B03B-45DB-BEF2-BB811BDAE8BA}.Debug|Any CPU.ActiveCfg = Debug|Any CPU
		{0CB726B4-B03B-45DB-BEF2-BB811BDAE8BA}.Debug|Any CPU.Build.0 = Debug|Any CPU
		{0CB726B4-B03B-45DB-BEF2-BB811BDAE8BA}.Release|Any CPU.ActiveCfg = Release|Any CPU
		{0CB726B4-B03B-45DB-BEF2-BB811BDAE8BA}.Release|Any CPU.Build.0 = Release|Any CPU
		{F8830C1D-8343-4700-A849-B22537411E98}.Debug|Any CPU.ActiveCfg = Debug|Any CPU
		{F8830C1D-8343-4700-A849-B22537411E98}.Debug|Any CPU.Build.0 = Debug|Any CPU
		{F8830C1D-8343-4700-A849-B22537411E98}.Release|Any CPU.ActiveCfg = Release|Any CPU
		{F8830C1D-8343-4700-A849-B22537411E98}.Release|Any CPU.Build.0 = Release|Any CPU
		{5E2ACCA3-232B-4B79-BCB9-A7184E42816B}.Debug|Any CPU.ActiveCfg = Debug|Any CPU
		{5E2ACCA3-232B-4B79-BCB9-A7184E42816B}.Debug|Any CPU.Build.0 = Debug|Any CPU
		{5E2ACCA3-232B-4B79-BCB9-A7184E42816B}.Release|Any CPU.ActiveCfg = Release|Any CPU
		{5E2ACCA3-232B-4B79-BCB9-A7184E42816B}.Release|Any CPU.Build.0 = Release|Any CPU
	EndGlobalSection
	GlobalSection(SolutionProperties) = preSolution
		HideSolutionNode = FALSE
	EndGlobalSection
	GlobalSection(ExtensibilityGlobals) = postSolution
		SolutionGuid = {67AF1359-CDC4-47BC-8A5B-0BBC28481C6C}
	EndGlobalSection
EndGlobal
